// !$*UTF8*$!
{
	archiveVersion = 1;
	classes = {
	};
	objectVersion = 51;
	objects = {

/* Begin PBXBuildFile section */
		4DDA7F56F4243EDDA7FE07D4 /* Pods_CameraFilter.framework in Frameworks */ = {isa = PBXBuildFile; fileRef = 4B6C61039D35680F57F65A7B /* Pods_CameraFilter.framework */; };
		738EAC732657A3DB00CF4850 /* AppDelegate.swift in Sources */ = {isa = PBXBuildFile; fileRef = 738EAC722657A3DB00CF4850 /* AppDelegate.swift */; };
		738EAC752657A3DB00CF4850 /* SceneDelegate.swift in Sources */ = {isa = PBXBuildFile; fileRef = 738EAC742657A3DB00CF4850 /* SceneDelegate.swift */; };
		738EAC7A2657A3DB00CF4850 /* Main.storyboard in Resources */ = {isa = PBXBuildFile; fileRef = 738EAC782657A3DB00CF4850 /* Main.storyboard */; };
		738EAC7C2657A3DD00CF4850 /* Assets.xcassets in Resources */ = {isa = PBXBuildFile; fileRef = 738EAC7B2657A3DD00CF4850 /* Assets.xcassets */; };
		738EAC7F2657A3DD00CF4850 /* LaunchScreen.storyboard in Resources */ = {isa = PBXBuildFile; fileRef = 738EAC7D2657A3DD00CF4850 /* LaunchScreen.storyboard */; };
		738EAC872657A52F00CF4850 /* PhotoCollectionViewController.swift in Sources */ = {isa = PBXBuildFile; fileRef = 738EAC862657A52F00CF4850 /* PhotoCollectionViewController.swift */; };
		738EAC892657A7B100CF4850 /* ViewController.swift in Sources */ = {isa = PBXBuildFile; fileRef = 738EAC882657A7B100CF4850 /* ViewController.swift */; };
		73CCB19A2657B17700FBA831 /* PhotoCollectionViewCell.swift in Sources */ = {isa = PBXBuildFile; fileRef = 73CCB1992657B17700FBA831 /* PhotoCollectionViewCell.swift */; };
		73CCB19C2657C58400FBA831 /* FilterService.swift in Sources */ = {isa = PBXBuildFile; fileRef = 73CCB19B2657C58400FBA831 /* FilterService.swift */; };
/* End PBXBuildFile section */

/* Begin PBXFileReference section */
		4B6C61039D35680F57F65A7B /* Pods_CameraFilter.framework */ = {isa = PBXFileReference; explicitFileType = wrapper.framework; includeInIndex = 0; path = Pods_CameraFilter.framework; sourceTree = BUILT_PRODUCTS_DIR; };
		738EAC6F2657A3DB00CF4850 /* CameraFilter.app */ = {isa = PBXFileReference; explicitFileType = wrapper.application; includeInIndex = 0; path = CameraFilter.app; sourceTree = BUILT_PRODUCTS_DIR; };
		738EAC722657A3DB00CF4850 /* AppDelegate.swift */ = {isa = PBXFileReference; lastKnownFileType = sourcecode.swift; path = AppDelegate.swift; sourceTree = "<group>"; };
		738EAC742657A3DB00CF4850 /* SceneDelegate.swift */ = {isa = PBXFileReference; lastKnownFileType = sourcecode.swift; path = SceneDelegate.swift; sourceTree = "<group>"; };
		738EAC792657A3DB00CF4850 /* Base */ = {isa = PBXFileReference; lastKnownFileType = file.storyboard; name = Base; path = Base.lproj/Main.storyboard; sourceTree = "<group>"; };
		738EAC7B2657A3DD00CF4850 /* Assets.xcassets */ = {isa = PBXFileReference; lastKnownFileType = folder.assetcatalog; path = Assets.xcassets; sourceTree = "<group>"; };
		738EAC7E2657A3DD00CF4850 /* Base */ = {isa = PBXFileReference; lastKnownFileType = file.storyboard; name = Base; path = Base.lproj/LaunchScreen.storyboard; sourceTree = "<group>"; };
		738EAC802657A3DD00CF4850 /* Info.plist */ = {isa = PBXFileReference; lastKnownFileType = text.plist.xml; path = Info.plist; sourceTree = "<group>"; };
		738EAC862657A52F00CF4850 /* PhotoCollectionViewController.swift */ = {isa = PBXFileReference; lastKnownFileType = sourcecode.swift; path = PhotoCollectionViewController.swift; sourceTree = "<group>"; };
		738EAC882657A7B100CF4850 /* ViewController.swift */ = {isa = PBXFileReference; lastKnownFileType = sourcecode.swift; path = ViewController.swift; sourceTree = "<group>"; };
		73CCB1992657B17700FBA831 /* PhotoCollectionViewCell.swift */ = {isa = PBXFileReference; lastKnownFileType = sourcecode.swift; path = "PhotoCollectionViewCell\U0010.swift"; sourceTree = "<group>"; };
		73CCB19B2657C58400FBA831 /* FilterService.swift */ = {isa = PBXFileReference; lastKnownFileType = sourcecode.swift; path = FilterService.swift; sourceTree = "<group>"; };
		DE8C5EBCA50C9934A0E702A2 /* Pods-CameraFilter.release.xcconfig */ = {isa = PBXFileReference; includeInIndex = 1; lastKnownFileType = text.xcconfig; name = "Pods-CameraFilter.release.xcconfig"; path = "Target Support Files/Pods-CameraFilter/Pods-CameraFilter.release.xcconfig"; sourceTree = "<group>"; };
		FF84BDE8C860CDBC822B0C00 /* Pods-CameraFilter.debug.xcconfig */ = {isa = PBXFileReference; includeInIndex = 1; lastKnownFileType = text.xcconfig; name = "Pods-CameraFilter.debug.xcconfig"; path = "Target Support Files/Pods-CameraFilter/Pods-CameraFilter.debug.xcconfig"; sourceTree = "<group>"; };
/* End PBXFileReference section */

/* Begin PBXFrameworksBuildPhase section */
		738EAC6C2657A3DB00CF4850 /* Frameworks */ = {
			isa = PBXFrameworksBuildPhase;
			buildActionMask = 2147483647;
			files = (
				4DDA7F56F4243EDDA7FE07D4 /* Pods_CameraFilter.framework in Frameworks */,
			);
			runOnlyForDeploymentPostprocessing = 0;
		};
/* End PBXFrameworksBuildPhase section */

/* Begin PBXGroup section */
		6974E54985F31BA52720D5F6 /* Pods */ = {
			isa = PBXGroup;
			children = (
				FF84BDE8C860CDBC822B0C00 /* Pods-CameraFilter.debug.xcconfig */,
				DE8C5EBCA50C9934A0E702A2 /* Pods-CameraFilter.release.xcconfig */,
			);
			path = Pods;
			sourceTree = "<group>";
		};
		738EAC662657A3DB00CF4850 = {
			isa = PBXGroup;
			children = (
				738EAC712657A3DB00CF4850 /* CameraFilter */,
				738EAC702657A3DB00CF4850 /* Products */,
				6974E54985F31BA52720D5F6 /* Pods */,
				B8CDCE94E3348E83ECE14B65 /* Frameworks */,
			);
			sourceTree = "<group>";
		};
		738EAC702657A3DB00CF4850 /* Products */ = {
			isa = PBXGroup;
			children = (
				738EAC6F2657A3DB00CF4850 /* CameraFilter.app */,
			);
			name = Products;
			sourceTree = "<group>";
		};
		738EAC712657A3DB00CF4850 /* CameraFilter */ = {
			isa = PBXGroup;
			children = (
				738EAC722657A3DB00CF4850 /* AppDelegate.swift */,
				738EAC742657A3DB00CF4850 /* SceneDelegate.swift */,
				738EAC782657A3DB00CF4850 /* Main.storyboard */,
				73CCB1992657B17700FBA831 /* PhotoCollectionViewCell.swift */,
				738EAC882657A7B100CF4850 /* ViewController.swift */,
				73CCB19B2657C58400FBA831 /* FilterService.swift */,
				738EAC862657A52F00CF4850 /* PhotoCollectionViewController.swift */,
				738EAC7B2657A3DD00CF4850 /* Assets.xcassets */,
				738EAC7D2657A3DD00CF4850 /* LaunchScreen.storyboard */,
				738EAC802657A3DD00CF4850 /* Info.plist */,
			);
			path = CameraFilter;
			sourceTree = "<group>";
		};
		B8CDCE94E3348E83ECE14B65 /* Frameworks */ = {
			isa = PBXGroup;
			children = (
				4B6C61039D35680F57F65A7B /* Pods_CameraFilter.framework */,
			);
			name = Frameworks;
			sourceTree = "<group>";
		};
/* End PBXGroup section */

/* Begin PBXNativeTarget section */
		738EAC6E2657A3DB00CF4850 /* CameraFilter */ = {
			isa = PBXNativeTarget;
			buildConfigurationList = 738EAC832657A3DD00CF4850 /* Build configuration list for PBXNativeTarget "CameraFilter" */;
			buildPhases = (
				392EACD0A64610C119316324 /* [CP] Check Pods Manifest.lock */,
				738EAC6B2657A3DB00CF4850 /* Sources */,
				738EAC6C2657A3DB00CF4850 /* Frameworks */,
				738EAC6D2657A3DB00CF4850 /* Resources */,
				C7F4EEC1077DAAC0D2675B85 /* [CP] Embed Pods Frameworks */,
			);
			buildRules = (
			);
			dependencies = (
			);
			name = CameraFilter;
			productName = CameraFilter;
			productReference = 738EAC6F2657A3DB00CF4850 /* CameraFilter.app */;
			productType = "com.apple.product-type.application";
		};
/* End PBXNativeTarget section */

/* Begin PBXProject section */
		738EAC672657A3DB00CF4850 /* Project object */ = {
			isa = PBXProject;
			attributes = {
				LastSwiftUpdateCheck = 1250;
				LastUpgradeCheck = 1250;
				TargetAttributes = {
					738EAC6E2657A3DB00CF4850 = {
						CreatedOnToolsVersion = 12.5;
					};
				};
			};
			buildConfigurationList = 738EAC6A2657A3DB00CF4850 /* Build configuration list for PBXProject "CameraFilter" */;
			compatibilityVersion = "Xcode 9.3";
			developmentRegion = en;
			hasScannedForEncodings = 0;
			knownRegions = (
				en,
				Base,
			);
			mainGroup = 738EAC662657A3DB00CF4850;
			productRefGroup = 738EAC702657A3DB00CF4850 /* Products */;
			projectDirPath = "";
			projectRoot = "";
			targets = (
				738EAC6E2657A3DB00CF4850 /* CameraFilter */,
			);
		};
/* End PBXProject section */

/* Begin PBXResourcesBuildPhase section */
		738EAC6D2657A3DB00CF4850 /* Resources */ = {
			isa = PBXResourcesBuildPhase;
			buildActionMask = 2147483647;
			files = (
				738EAC7F2657A3DD00CF4850 /* LaunchScreen.storyboard in Resources */,
				738EAC7C2657A3DD00CF4850 /* Assets.xcassets in Resources */,
				738EAC7A2657A3DB00CF4850 /* Main.storyboard in Resources */,
			);
			runOnlyForDeploymentPostprocessing = 0;
		};
/* End PBXResourcesBuildPhase section */

/* Begin PBXShellScriptBuildPhase section */
		392EACD0A64610C119316324 /* [CP] Check Pods Manifest.lock */ = {
			isa = PBXShellScriptBuildPhase;
			buildActionMask = 2147483647;
			files = (
			);
			inputFileListPaths = (
			);
			inputPaths = (
				"${PODS_PODFILE_DIR_PATH}/Podfile.lock",
				"${PODS_ROOT}/Manifest.lock",
			);
			name = "[CP] Check Pods Manifest.lock";
			outputFileListPaths = (
			);
			outputPaths = (
				"$(DERIVED_FILE_DIR)/Pods-CameraFilter-checkManifestLockResult.txt",
			);
			runOnlyForDeploymentPostprocessing = 0;
			shellPath = /bin/sh;
			shellScript = "diff \"${PODS_PODFILE_DIR_PATH}/Podfile.lock\" \"${PODS_ROOT}/Manifest.lock\" > /dev/null\nif [ $? != 0 ] ; then\n    # print error to STDERR\n    echo \"error: The sandbox is not in sync with the Podfile.lock. Run 'pod install' or update your CocoaPods installation.\" >&2\n    exit 1\nfi\n# This output is used by Xcode 'outputs' to avoid re-running this script phase.\necho \"SUCCESS\" > \"${SCRIPT_OUTPUT_FILE_0}\"\n";
			showEnvVarsInLog = 0;
		};
		C7F4EEC1077DAAC0D2675B85 /* [CP] Embed Pods Frameworks */ = {
			isa = PBXShellScriptBuildPhase;
			buildActionMask = 2147483647;
			files = (
			);
			inputFileListPaths = (
				"${PODS_ROOT}/Target Support Files/Pods-CameraFilter/Pods-CameraFilter-frameworks-${CONFIGURATION}-input-files.xcfilelist",
			);
			name = "[CP] Embed Pods Frameworks";
			outputFileListPaths = (
				"${PODS_ROOT}/Target Support Files/Pods-CameraFilter/Pods-CameraFilter-frameworks-${CONFIGURATION}-output-files.xcfilelist",
			);
			runOnlyForDeploymentPostprocessing = 0;
			shellPath = /bin/sh;
			shellScript = "\"${PODS_ROOT}/Target Support Files/Pods-CameraFilter/Pods-CameraFilter-frameworks.sh\"\n";
			showEnvVarsInLog = 0;
		};
/* End PBXShellScriptBuildPhase section */

/* Begin PBXSourcesBuildPhase section */
		738EAC6B2657A3DB00CF4850 /* Sources */ = {
			isa = PBXSourcesBuildPhase;
			buildActionMask = 2147483647;
			files = (
				738EAC732657A3DB00CF4850 /* AppDelegate.swift in Sources */,
				738EAC872657A52F00CF4850 /* PhotoCollectionViewController.swift in Sources */,
				738EAC892657A7B100CF4850 /* ViewController.swift in Sources */,
				73CCB19C2657C58400FBA831 /* FilterService.swift in Sources */,
				73CCB19A2657B17700FBA831 /* PhotoCollectionViewCell.swift in Sources */,
				738EAC752657A3DB00CF4850 /* SceneDelegate.swift in Sources */,
			);
			runOnlyForDeploymentPostprocessing = 0;
		};
/* End PBXSourcesBuildPhase section */

/* Begin PBXVariantGroup section */
		738EAC782657A3DB00CF4850 /* Main.storyboard */ = {
			isa = PBXVariantGroup;
			children = (
				738EAC792657A3DB00CF4850 /* Base */,
			);
			name = Main.storyboard;
			sourceTree = "<group>";
		};
		738EAC7D2657A3DD00CF4850 /* LaunchScreen.storyboard */ = {
			isa = PBXVariantGroup;
			children = (
				738EAC7E2657A3DD00CF4850 /* Base */,
			);
			name = LaunchScreen.storyboard;
			sourceTree = "<group>";
		};
/* End PBXVariantGroup section */

/* Begin XCBuildConfiguration section */
		738EAC812657A3DD00CF4850 /* Debug */ = {
			isa = XCBuildConfiguration;
			buildSettings = {
				ALWAYS_SEARCH_USER_PATHS = NO;
				CLANG_ANALYZER_NONNULL = YES;
				CLANG_ANALYZER_NUMBER_OBJECT_CONVERSION = YES_AGGRESSIVE;
				CLANG_CXX_LANGUAGE_STANDARD = "gnu++14";
				CLANG_CXX_LIBRARY = "libc++";
				CLANG_ENABLE_MODULES = YES;
				CLANG_ENABLE_OBJC_ARC = YES;
				CLANG_ENABLE_OBJC_WEAK = YES;
				CLANG_WARN_BLOCK_CAPTURE_AUTORELEASING = YES;
				CLANG_WARN_BOOL_CONVERSION = YES;
				CLANG_WARN_COMMA = YES;
				CLANG_WARN_CONSTANT_CONVERSION = YES;
				CLANG_WARN_DEPRECATED_OBJC_IMPLEMENTATIONS = YES;
				CLANG_WARN_DIRECT_OBJC_ISA_USAGE = YES_ERROR;
				CLANG_WARN_DOCUMENTATION_COMMENTS = YES;
				CLANG_WARN_EMPTY_BODY = YES;
				CLANG_WARN_ENUM_CONVERSION = YES;
				CLANG_WARN_INFINITE_RECURSION = YES;
				CLANG_WARN_INT_CONVERSION = YES;
				CLANG_WARN_NON_LITERAL_NULL_CONVERSION = YES;
				CLANG_WARN_OBJC_IMPLICIT_RETAIN_SELF = YES;
				CLANG_WARN_OBJC_LITERAL_CONVERSION = YES;
				CLANG_WARN_OBJC_ROOT_CLASS = YES_ERROR;
				CLANG_WARN_QUOTED_INCLUDE_IN_FRAMEWORK_HEADER = YES;
				CLANG_WARN_RANGE_LOOP_ANALYSIS = YES;
				CLANG_WARN_STRICT_PROTOTYPES = YES;
				CLANG_WARN_SUSPICIOUS_MOVE = YES;
				CLANG_WARN_UNGUARDED_AVAILABILITY = YES_AGGRESSIVE;
				CLANG_WARN_UNREACHABLE_CODE = YES;
				CLANG_WARN__DUPLICATE_METHOD_MATCH = YES;
				COPY_PHASE_STRIP = NO;
				DEBUG_INFORMATION_FORMAT = dwarf;
				ENABLE_STRICT_OBJC_MSGSEND = YES;
				ENABLE_TESTABILITY = YES;
				GCC_C_LANGUAGE_STANDARD = gnu11;
				GCC_DYNAMIC_NO_PIC = NO;
				GCC_NO_COMMON_BLOCKS = YES;
				GCC_OPTIMIZATION_LEVEL = 0;
				GCC_PREPROCESSOR_DEFINITIONS = (
					"DEBUG=1",
					"$(inherited)",
				);
				GCC_WARN_64_TO_32_BIT_CONVERSION = YES;
				GCC_WARN_ABOUT_RETURN_TYPE = YES_ERROR;
				GCC_WARN_UNDECLARED_SELECTOR = YES;
				GCC_WARN_UNINITIALIZED_AUTOS = YES_AGGRESSIVE;
				GCC_WARN_UNUSED_FUNCTION = YES;
				GCC_WARN_UNUSED_VARIABLE = YES;
				IPHONEOS_DEPLOYMENT_TARGET = 14.5;
				MTL_ENABLE_DEBUG_INFO = INCLUDE_SOURCE;
				MTL_FAST_MATH = YES;
				ONLY_ACTIVE_ARCH = YES;
				SDKROOT = iphoneos;
				SWIFT_ACTIVE_COMPILATION_CONDITIONS = DEBUG;
				SWIFT_OPTIMIZATION_LEVEL = "-Onone";
			};
			name = Debug;
		};
		738EAC822657A3DD00CF4850 /* Release */ = {
			isa = XCBuildConfiguration;
			buildSettings = {
				ALWAYS_SEARCH_USER_PATHS = NO;
				CLANG_ANALYZER_NONNULL = YES;
				CLANG_ANALYZER_NUMBER_OBJECT_CONVERSION = YES_AGGRESSIVE;
				CLANG_CXX_LANGUAGE_STANDARD = "gnu++14";
				CLANG_CXX_LIBRARY = "libc++";
				CLANG_ENABLE_MODULES = YES;
				CLANG_ENABLE_OBJC_ARC = YES;
				CLANG_ENABLE_OBJC_WEAK = YES;
				CLANG_WARN_BLOCK_CAPTURE_AUTORELEASING = YES;
				CLANG_WARN_BOOL_CONVERSION = YES;
				CLANG_WARN_COMMA = YES;
				CLANG_WARN_CONSTANT_CONVERSION = YES;
				CLANG_WARN_DEPRECATED_OBJC_IMPLEMENTATIONS = YES;
				CLANG_WARN_DIRECT_OBJC_ISA_USAGE = YES_ERROR;
				CLANG_WARN_DOCUMENTATION_COMMENTS = YES;
				CLANG_WARN_EMPTY_BODY = YES;
				CLANG_WARN_ENUM_CONVERSION = YES;
				CLANG_WARN_INFINITE_RECURSION = YES;
				CLANG_WARN_INT_CONVERSION = YES;
				CLANG_WARN_NON_LITERAL_NULL_CONVERSION = YES;
				CLANG_WARN_OBJC_IMPLICIT_RETAIN_SELF = YES;
				CLANG_WARN_OBJC_LITERAL_CONVERSION = YES;
				CLANG_WARN_OBJC_ROOT_CLASS = YES_ERROR;
				CLANG_WARN_QUOTED_INCLUDE_IN_FRAMEWORK_HEADER = YES;
				CLANG_WARN_RANGE_LOOP_ANALYSIS = YES;
				CLANG_WARN_STRICT_PROTOTYPES = YES;
				CLANG_WARN_SUSPICIOUS_MOVE = YES;
				CLANG_WARN_UNGUARDED_AVAILABILITY = YES_AGGRESSIVE;
				CLANG_WARN_UNREACHABLE_CODE = YES;
				CLANG_WARN__DUPLICATE_METHOD_MATCH = YES;
				COPY_PHASE_STRIP = NO;
				DEBUG_INFORMATION_FORMAT = "dwarf-with-dsym";
				ENABLE_NS_ASSERTIONS = NO;
				ENABLE_STRICT_OBJC_MSGSEND = YES;
				GCC_C_LANGUAGE_STANDARD = gnu11;
				GCC_NO_COMMON_BLOCKS = YES;
				GCC_WARN_64_TO_32_BIT_CONVERSION = YES;
				GCC_WARN_ABOUT_RETURN_TYPE = YES_ERROR;
				GCC_WARN_UNDECLARED_SELECTOR = YES;
				GCC_WARN_UNINITIALIZED_AUTOS = YES_AGGRESSIVE;
				GCC_WARN_UNUSED_FUNCTION = YES;
				GCC_WARN_UNUSED_VARIABLE = YES;
				IPHONEOS_DEPLOYMENT_TARGET = 14.5;
				MTL_ENABLE_DEBUG_INFO = NO;
				MTL_FAST_MATH = YES;
				SDKROOT = iphoneos;
				SWIFT_COMPILATION_MODE = wholemodule;
				SWIFT_OPTIMIZATION_LEVEL = "-O";
				VALIDATE_PRODUCT = YES;
			};
			name = Release;
		};
		738EAC842657A3DD00CF4850 /* Debug */ = {
			isa = XCBuildConfiguration;
			baseConfigurationReference = FF84BDE8C860CDBC822B0C00 /* Pods-CameraFilter.debug.xcconfig */;
			buildSettings = {
				ASSETCATALOG_COMPILER_APPICON_NAME = AppIcon;
				ASSETCATALOG_COMPILER_GLOBAL_ACCENT_COLOR_NAME = AccentColor;
				CODE_SIGN_STYLE = Automatic;
				DEVELOPMENT_TEAM = B2QTMYC792;
				INFOPLIST_FILE = CameraFilter/Info.plist;
				IPHONEOS_DEPLOYMENT_TARGET = 14.3;
				LD_RUNPATH_SEARCH_PATHS = (
					"$(inherited)",
					"@executable_path/Frameworks",
				);
				PRODUCT_BUNDLE_IDENTIFIER = redbull76.CameraFilter;
				PRODUCT_NAME = "$(TARGET_NAME)";
				SWIFT_VERSION = 5.0;
				TARGETED_DEVICE_FAMILY = 1;
			};
			name = Debug;
		};
		738EAC852657A3DD00CF4850 /* Release */ = {
			isa = XCBuildConfiguration;
			baseConfigurationReference = DE8C5EBCA50C9934A0E702A2 /* Pods-CameraFilter.release.xcconfig */;
			buildSettings = {
				ASSETCATALOG_COMPILER_APPICON_NAME = AppIcon;
				ASSETCATALOG_COMPILER_GLOBAL_ACCENT_COLOR_NAME = AccentColor;
				CODE_SIGN_STYLE = Automatic;
				DEVELOPMENT_TEAM = B2QTMYC792;
				INFOPLIST_FILE = CameraFilter/Info.plist;
				IPHONEOS_DEPLOYMENT_TARGET = 14.3;
				LD_RUNPATH_SEARCH_PATHS = (
					"$(inherited)",
					"@executable_path/Frameworks",
				);
				PRODUCT_BUNDLE_IDENTIFIER = redbull76.CameraFilter;
				PRODUCT_NAME = "$(TARGET_NAME)";
				SWIFT_VERSION = 5.0;
				TARGETED_DEVICE_FAMILY = 1;
			};
			name = Release;
		};
/* End XCBuildConfiguration section */

/* Begin XCConfigurationList section */
		738EAC6A2657A3DB00CF4850 /* Build configuration list for PBXProject "CameraFilter" */ = {
			isa = XCConfigurationList;
			buildConfigurations = (
				738EAC812657A3DD00CF4850 /* Debug */,
				738EAC822657A3DD00CF4850 /* Release */,
			);
			defaultConfigurationIsVisible = 0;
			defaultConfigurationName = Release;
		};
		738EAC832657A3DD00CF4850 /* Build configuration list for PBXNativeTarget "CameraFilter" */ = {
			isa = XCConfigurationList;
			buildConfigurations = (
				738EAC842657A3DD00CF4850 /* Debug */,
				738EAC852657A3DD00CF4850 /* Release */,
			);
			defaultConfigurationIsVisible = 0;
			defaultConfigurationName = Release;
		};
/* End XCConfigurationList section */
	};
	rootObject = 738EAC672657A3DB00CF4850 /* Project object */;
}
